
Microsoft Visual Studio Solution File, Format Version 12.00
# Visual Studio Version 17
VisualStudioVersion = 17.4.33110.190
MinimumVisualStudioVersion = 10.0.40219.1
Project("{FAE04EC0-301F-11D3-BF4B-00C04F79EFBC}") = "LargestNumber", "LargestNumber\LargestNumber.csproj", "{2D8AE31E-5D3F-4F4F-AE79-AF628A3C5969}"
EndProject
Global
	GlobalSection(SolutionConfigurationPlatforms) = preSolution
		Debug|Any CPU = Debug|Any CPU
		Release|Any CPU = Release|Any CPU
	EndGlobalSection
	GlobalSection(ProjectConfigurationPlatforms) = postSolution
		{2D8AE31E-5D3F-4F4F-AE79-AF628A3C5969}.Debug|Any CPU.ActiveCfg = Debug|Any CPU
		{2D8AE31E-5D3F-4F4F-AE79-AF628A3C5969}.Debug|Any CPU.Build.0 = Debug|Any CPU
		{2D8AE31E-5D3F-4F4F-AE79-AF628A3C5969}.Release|Any CPU.ActiveCfg = Release|Any CPU
		{2D8AE31E-5D3F-4F4F-AE79-AF628A3C5969}.Release|Any CPU.Build.0 = Release|Any CPU
	EndGlobalSection
	GlobalSection(SolutionProperties) = preSolution
		HideSolutionNode = FALSE
	EndGlobalSection
	GlobalSection(ExtensibilityGlobals) = postSolution
		SolutionGuid = {D593A751-07B7-4B9E-AD96-6723D37228F3}
	EndGlobalSection
EndGlobal
